// !$*UTF8*$!
{
	archiveVersion = 1;
	classes = {
	};
	objectVersion = 46;
	objects = {

/* Begin PBXBuildFile section */
		6321A9C31B94EBA10053D2E7 /* Images.xcassets in Resources */ = {isa = PBXBuildFile; fileRef = 6321A9C21B94EBA10053D2E7 /* Images.xcassets */; };
		6321A9E21B94EBE70053D2E7 /* CustomMessageCell.swift in Sources */ = {isa = PBXBuildFile; fileRef = 6321A9DB1B94EBE70053D2E7 /* CustomMessageCell.swift */; };
		6321A9E51B94EBE70053D2E7 /* MessageCell.xib in Resources */ = {isa = PBXBuildFile; fileRef = 6321A9DE1B94EBE70053D2E7 /* MessageCell.xib */; };
		63E28B251B9A335300FBF6E0 /* Message.swift in Sources */ = {isa = PBXBuildFile; fileRef = 63E28B241B9A335300FBF6E0 /* Message.swift */; };
		63E28B291B9A336600FBF6E0 /* Main.storyboard in Resources */ = {isa = PBXBuildFile; fileRef = 63E28B281B9A336600FBF6E0 /* Main.storyboard */; };
		63E28B2F1B9A337600FBF6E0 /* AppDelegate.swift in Sources */ = {isa = PBXBuildFile; fileRef = 63E28B2A1B9A337600FBF6E0 /* AppDelegate.swift */; };
		63E28B301B9A337600FBF6E0 /* ChatViewController.swift in Sources */ = {isa = PBXBuildFile; fileRef = 63E28B2B1B9A337600FBF6E0 /* ChatViewController.swift */; };
		63E28B311B9A337600FBF6E0 /* LogInViewController.swift in Sources */ = {isa = PBXBuildFile; fileRef = 63E28B2C1B9A337600FBF6E0 /* LogInViewController.swift */; };
		63E28B321B9A337600FBF6E0 /* RegisterViewController.swift in Sources */ = {isa = PBXBuildFile; fileRef = 63E28B2D1B9A337600FBF6E0 /* RegisterViewController.swift */; };
		63E28B331B9A337600FBF6E0 /* WelcomeViewController.swift in Sources */ = {isa = PBXBuildFile; fileRef = 63E28B2E1B9A337600FBF6E0 /* WelcomeViewController.swift */; };
		63EBB3051D98004B004175E5 /* LaunchScreen.storyboard in Resources */ = {isa = PBXBuildFile; fileRef = 63EBB3041D98004B004175E5 /* LaunchScreen.storyboard */; };
		70B5832472E020A0AC56FB37 /* Pods_Flash_Chat.framework in Frameworks */ = {isa = PBXBuildFile; fileRef = 6EEC09E768EFE58F5C542C3A /* Pods_Flash_Chat.framework */; };
		A9787A501FE6CD1B007534F2 /* GoogleService-Info.plist in Resources */ = {isa = PBXBuildFile; fileRef = A9787A4F1FE6CD1A007534F2 /* GoogleService-Info.plist */; };
/* End PBXBuildFile section */

/* Begin PBXFileReference section */
		6321A9B61B94EBA10053D2E7 /* Flash Chat.app */ = {isa = PBXFileReference; explicitFileType = wrapper.application; includeInIndex = 0; path = "Flash Chat.app"; sourceTree = BUILT_PRODUCTS_DIR; };
		6321A9BA1B94EBA10053D2E7 /* Info.plist */ = {isa = PBXFileReference; lastKnownFileType = text.plist.xml; path = Info.plist; sourceTree = "<group>"; };
		6321A9C21B94EBA10053D2E7 /* Images.xcassets */ = {isa = PBXFileReference; lastKnownFileType = folder.assetcatalog; path = Images.xcassets; sourceTree = "<group>"; };
		6321A9DB1B94EBE70053D2E7 /* CustomMessageCell.swift */ = {isa = PBXFileReference; fileEncoding = 4; lastKnownFileType = sourcecode.swift; path = CustomMessageCell.swift; sourceTree = "<group>"; };
		6321A9DE1B94EBE70053D2E7 /* MessageCell.xib */ = {isa = PBXFileReference; fileEncoding = 4; lastKnownFileType = file.xib; path = MessageCell.xib; sourceTree = "<group>"; };
		63E28B241B9A335300FBF6E0 /* Message.swift */ = {isa = PBXFileReference; fileEncoding = 4; lastKnownFileType = sourcecode.swift; path = Message.swift; sourceTree = "<group>"; };
		63E28B281B9A336600FBF6E0 /* Main.storyboard */ = {isa = PBXFileReference; fileEncoding = 4; lastKnownFileType = file.storyboard; path = Main.storyboard; sourceTree = "<group>"; };
		63E28B2A1B9A337600FBF6E0 /* AppDelegate.swift */ = {isa = PBXFileReference; fileEncoding = 4; lastKnownFileType = sourcecode.swift; path = AppDelegate.swift; sourceTree = "<group>"; };
		63E28B2B1B9A337600FBF6E0 /* ChatViewController.swift */ = {isa = PBXFileReference; fileEncoding = 4; lastKnownFileType = sourcecode.swift; path = ChatViewController.swift; sourceTree = "<group>"; };
		63E28B2C1B9A337600FBF6E0 /* LogInViewController.swift */ = {isa = PBXFileReference; fileEncoding = 4; lastKnownFileType = sourcecode.swift; path = LogInViewController.swift; sourceTree = "<group>"; };
		63E28B2D1B9A337600FBF6E0 /* RegisterViewController.swift */ = {isa = PBXFileReference; fileEncoding = 4; lastKnownFileType = sourcecode.swift; path = RegisterViewController.swift; sourceTree = "<group>"; };
		63E28B2E1B9A337600FBF6E0 /* WelcomeViewController.swift */ = {isa = PBXFileReference; fileEncoding = 4; lastKnownFileType = sourcecode.swift; path = WelcomeViewController.swift; sourceTree = "<group>"; };
		63EBB3041D98004B004175E5 /* LaunchScreen.storyboard */ = {isa = PBXFileReference; fileEncoding = 4; lastKnownFileType = file.storyboard; name = LaunchScreen.storyboard; path = ../LaunchScreen.storyboard; sourceTree = "<group>"; };
		6EEC09E768EFE58F5C542C3A /* Pods_Flash_Chat.framework */ = {isa = PBXFileReference; explicitFileType = wrapper.framework; includeInIndex = 0; path = Pods_Flash_Chat.framework; sourceTree = BUILT_PRODUCTS_DIR; };
		8FCDD8A55C9174B3990CB51E /* Pods-Flash Chat.debug.xcconfig */ = {isa = PBXFileReference; includeInIndex = 1; lastKnownFileType = text.xcconfig; name = "Pods-Flash Chat.debug.xcconfig"; path = "Pods/Target Support Files/Pods-Flash Chat/Pods-Flash Chat.debug.xcconfig"; sourceTree = "<group>"; };
		A9787A4F1FE6CD1A007534F2 /* GoogleService-Info.plist */ = {isa = PBXFileReference; fileEncoding = 4; lastKnownFileType = text.plist.xml; path = "GoogleService-Info.plist"; sourceTree = "<group>"; };
		EC98F3320D0D861628413201 /* Pods-Flash Chat.release.xcconfig */ = {isa = PBXFileReference; includeInIndex = 1; lastKnownFileType = text.xcconfig; name = "Pods-Flash Chat.release.xcconfig"; path = "Pods/Target Support Files/Pods-Flash Chat/Pods-Flash Chat.release.xcconfig"; sourceTree = "<group>"; };
/* End PBXFileReference section */

/* Begin PBXFrameworksBuildPhase section */
		6321A9B31B94EBA10053D2E7 /* Frameworks */ = {
			isa = PBXFrameworksBuildPhase;
			buildActionMask = 2147483647;
			files = (
				70B5832472E020A0AC56FB37 /* Pods_Flash_Chat.framework in Frameworks */,
			);
			runOnlyForDeploymentPostprocessing = 0;
		};
/* End PBXFrameworksBuildPhase section */

/* Begin PBXGroup section */
		41BD33B840DCC68AE4AD8A4D /* Frameworks */ = {
			isa = PBXGroup;
			children = (
				6EEC09E768EFE58F5C542C3A /* Pods_Flash_Chat.framework */,
			);
			name = Frameworks;
			sourceTree = "<group>";
		};
		6321A9AD1B94EBA10053D2E7 = {
			isa = PBXGroup;
			children = (
				6321A9B81B94EBA10053D2E7 /* Flash Chat */,
				6321A9B71B94EBA10053D2E7 /* Products */,
				AA65784A83CEF177D120D35F /* Pods */,
				41BD33B840DCC68AE4AD8A4D /* Frameworks */,
			);
			sourceTree = "<group>";
		};
		6321A9B71B94EBA10053D2E7 /* Products */ = {
			isa = PBXGroup;
			children = (
				6321A9B61B94EBA10053D2E7 /* Flash Chat.app */,
			);
			name = Products;
			sourceTree = "<group>";
		};
		6321A9B81B94EBA10053D2E7 /* Flash Chat */ = {
			isa = PBXGroup;
			children = (
				6321A9EE1B94EC360053D2E7 /* Model */,
				6321A9EB1B94EC170053D2E7 /* View */,
				6321A9EA1B94EC0A0053D2E7 /* Controller */,
				6321A9C21B94EBA10053D2E7 /* Images.xcassets */,
				6321A9B91B94EBA10053D2E7 /* Supporting Files */,
			);
			path = "Flash Chat";
			sourceTree = "<group>";
		};
		6321A9B91B94EBA10053D2E7 /* Supporting Files */ = {
			isa = PBXGroup;
			children = (
				6321A9BA1B94EBA10053D2E7 /* Info.plist */,
				A9787A4F1FE6CD1A007534F2 /* GoogleService-Info.plist */,
			);
			name = "Supporting Files";
			sourceTree = "<group>";
		};
		6321A9E91B94EBEE0053D2E7 /* Custom Cell */ = {
			isa = PBXGroup;
			children = (
				6321A9DB1B94EBE70053D2E7 /* CustomMessageCell.swift */,
				6321A9DE1B94EBE70053D2E7 /* MessageCell.xib */,
			);
			name = "Custom Cell";
			sourceTree = "<group>";
		};
		6321A9EA1B94EC0A0053D2E7 /* Controller */ = {
			isa = PBXGroup;
			children = (
				63E28B2A1B9A337600FBF6E0 /* AppDelegate.swift */,
				63E28B2B1B9A337600FBF6E0 /* ChatViewController.swift */,
				63E28B2C1B9A337600FBF6E0 /* LogInViewController.swift */,
				63E28B2D1B9A337600FBF6E0 /* RegisterViewController.swift */,
				63E28B2E1B9A337600FBF6E0 /* WelcomeViewController.swift */,
			);
			name = Controller;
			sourceTree = "<group>";
		};
		6321A9EB1B94EC170053D2E7 /* View */ = {
			isa = PBXGroup;
			children = (
				63EBB3041D98004B004175E5 /* LaunchScreen.storyboard */,
				63E28B281B9A336600FBF6E0 /* Main.storyboard */,
				6321A9E91B94EBEE0053D2E7 /* Custom Cell */,
			);
			name = View;
			sourceTree = "<group>";
		};
		6321A9EE1B94EC360053D2E7 /* Model */ = {
			isa = PBXGroup;
			children = (
				63E28B241B9A335300FBF6E0 /* Message.swift */,
			);
			name = Model;
			sourceTree = "<group>";
		};
		AA65784A83CEF177D120D35F /* Pods */ = {
			isa = PBXGroup;
			children = (
				8FCDD8A55C9174B3990CB51E /* Pods-Flash Chat.debug.xcconfig */,
				EC98F3320D0D861628413201 /* Pods-Flash Chat.release.xcconfig */,
			);
			name = Pods;
			sourceTree = "<group>";
		};
/* End PBXGroup section */

/* Begin PBXNativeTarget section */
		6321A9B51B94EBA10053D2E7 /* Flash Chat */ = {
			isa = PBXNativeTarget;
			buildConfigurationList = 6321A9D51B94EBA10053D2E7 /* Build configuration list for PBXNativeTarget "Flash Chat" */;
			buildPhases = (
				98CA23CCFBAE452A20C4E72F /* [CP] Check Pods Manifest.lock */,
				6321A9B21B94EBA10053D2E7 /* Sources */,
				6321A9B31B94EBA10053D2E7 /* Frameworks */,
				6321A9B41B94EBA10053D2E7 /* Resources */,
				75CB859EB492E45FBFBD3BE6 /* [CP] Embed Pods Frameworks */,
				584964D9C3F64AC88F054D55 /* [CP] Copy Pods Resources */,
			);
			buildRules = (
			);
			dependencies = (
			);
			name = "Flash Chat";
			productName = "Flash Chat";
			productReference = 6321A9B61B94EBA10053D2E7 /* Flash Chat.app */;
			productType = "com.apple.product-type.application";
		};
/* End PBXNativeTarget section */

/* Begin PBXProject section */
		6321A9AE1B94EBA10053D2E7 /* Project object */ = {
			isa = PBXProject;
			attributes = {
				LastSwiftMigration = 0700;
				LastSwiftUpdateCheck = 0700;
				LastUpgradeCheck = 0900;
				ORGANIZATIONNAME = "London App Brewery";
				TargetAttributes = {
					6321A9B51B94EBA10053D2E7 = {
						CreatedOnToolsVersion = 6.4;
						DevelopmentTeam = 7X7TY4V6Z4;
						LastSwiftMigration = 0900;
						ProvisioningStyle = Automatic;
					};
				};
			};
			buildConfigurationList = 6321A9B11B94EBA10053D2E7 /* Build configuration list for PBXProject "Flash Chat" */;
			compatibilityVersion = "Xcode 3.2";
			developmentRegion = English;
			hasScannedForEncodings = 0;
			knownRegions = (
				en,
				Base,
			);
			mainGroup = 6321A9AD1B94EBA10053D2E7;
			productRefGroup = 6321A9B71B94EBA10053D2E7 /* Products */;
			projectDirPath = "";
			projectRoot = "";
			targets = (
				6321A9B51B94EBA10053D2E7 /* Flash Chat */,
			);
		};
/* End PBXProject section */

/* Begin PBXResourcesBuildPhase section */
		6321A9B41B94EBA10053D2E7 /* Resources */ = {
			isa = PBXResourcesBuildPhase;
			buildActionMask = 2147483647;
			files = (
				63E28B291B9A336600FBF6E0 /* Main.storyboard in Resources */,
				6321A9C31B94EBA10053D2E7 /* Images.xcassets in Resources */,
				A9787A501FE6CD1B007534F2 /* GoogleService-Info.plist in Resources */,
				63EBB3051D98004B004175E5 /* LaunchScreen.storyboard in Resources */,
				6321A9E51B94EBE70053D2E7 /* MessageCell.xib in Resources */,
			);
			runOnlyForDeploymentPostprocessing = 0;
		};
/* End PBXResourcesBuildPhase section */

/* Begin PBXShellScriptBuildPhase section */
		584964D9C3F64AC88F054D55 /* [CP] Copy Pods Resources */ = {
			isa = PBXShellScriptBuildPhase;
			buildActionMask = 2147483647;
			files = (
			);
			inputPaths = (
			);
			name = "[CP] Copy Pods Resources";
			outputPaths = (
			);
			runOnlyForDeploymentPostprocessing = 0;
			shellPath = /bin/sh;
			shellScript = "\"${SRCROOT}/Pods/Target Support Files/Pods-Flash Chat/Pods-Flash Chat-resources.sh\"\n";
			showEnvVarsInLog = 0;
		};
		75CB859EB492E45FBFBD3BE6 /* [CP] Embed Pods Frameworks */ = {
			isa = PBXShellScriptBuildPhase;
			buildActionMask = 2147483647;
			files = (
			);
			inputPaths = (
				"${SRCROOT}/Pods/Target Support Files/Pods-Flash Chat/Pods-Flash Chat-frameworks.sh",
				"${BUILT_PRODUCTS_DIR}/ChameleonFramework/ChameleonFramework.framework",
				"${BUILT_PRODUCTS_DIR}/GTMSessionFetcher/GTMSessionFetcher.framework",
				"${BUILT_PRODUCTS_DIR}/GoogleToolboxForMac/GoogleToolboxForMac.framework",
				"${BUILT_PRODUCTS_DIR}/SVProgressHUD/SVProgressHUD.framework",
				"${BUILT_PRODUCTS_DIR}/leveldb-library/leveldb.framework",
				"${BUILT_PRODUCTS_DIR}/nanopb/nanopb.framework",
			);
			name = "[CP] Embed Pods Frameworks";
			outputPaths = (
				"${TARGET_BUILD_DIR}/${FRAMEWORKS_FOLDER_PATH}/ChameleonFramework.framework",
				"${TARGET_BUILD_DIR}/${FRAMEWORKS_FOLDER_PATH}/GTMSessionFetcher.framework",
				"${TARGET_BUILD_DIR}/${FRAMEWORKS_FOLDER_PATH}/GoogleToolboxForMac.framework",
				"${TARGET_BUILD_DIR}/${FRAMEWORKS_FOLDER_PATH}/SVProgressHUD.framework",
				"${TARGET_BUILD_DIR}/${FRAMEWORKS_FOLDER_PATH}/leveldb.framework",
				"${TARGET_BUILD_DIR}/${FRAMEWORKS_FOLDER_PATH}/nanopb.framework",
			);
			runOnlyForDeploymentPostprocessing = 0;
			shellPath = /bin/sh;
			shellScript = "\"${SRCROOT}/Pods/Target Support Files/Pods-Flash Chat/Pods-Flash Chat-frameworks.sh\"\n";
			showEnvVarsInLog = 0;
		};
		98CA23CCFBAE452A20C4E72F /* [CP] Check Pods Manifest.lock */ = {
			isa = PBXShellScriptBuildPhase;
			buildActionMask = 2147483647;
			files = (
			);
			inputPaths = (
				"${PODS_PODFILE_DIR_PATH}/Podfile.lock",
				"${PODS_ROOT}/Manifest.lock",
			);
			name = "[CP] Check Pods Manifest.lock";
			outputPaths = (
				"$(DERIVED_FILE_DIR)/Pods-Flash Chat-checkManifestLockResult.txt",
			);
			runOnlyForDeploymentPostprocessing = 0;
			shellPath = /bin/sh;
			shellScript = "diff \"${PODS_PODFILE_DIR_PATH}/Podfile.lock\" \"${PODS_ROOT}/Manifest.lock\" > /dev/null\nif [ $? != 0 ] ; then\n    # print error to STDERR\n    echo \"error: The sandbox is not in sync with the Podfile.lock. Run 'pod install' or update your CocoaPods installation.\" >&2\n    exit 1\nfi\n# This output is used by Xcode 'outputs' to avoid re-running this script phase.\necho \"SUCCESS\" > \"${SCRIPT_OUTPUT_FILE_0}\"\n";
			showEnvVarsInLog = 0;
		};
/* End PBXShellScriptBuildPhase section */

/* Begin PBXSourcesBuildPhase section */
		6321A9B21B94EBA10053D2E7 /* Sources */ = {
			isa = PBXSourcesBuildPhase;
			buildActionMask = 2147483647;
			files = (
				63E28B331B9A337600FBF6E0 /* WelcomeViewController.swift in Sources */,
				63E28B251B9A335300FBF6E0 /* Message.swift in Sources */,
				6321A9E21B94EBE70053D2E7 /* CustomMessageCell.swift in Sources */,
				63E28B321B9A337600FBF6E0 /* RegisterViewController.swift in Sources */,
				63E28B311B9A337600FBF6E0 /* LogInViewController.swift in Sources */,
				63E28B2F1B9A337600FBF6E0 /* AppDelegate.swift in Sources */,
				63E28B301B9A337600FBF6E0 /* ChatViewController.swift in Sources */,
			);
			runOnlyForDeploymentPostprocessing = 0;
		};
/* End PBXSourcesBuildPhase section */

/* Begin XCBuildConfiguration section */
		6321A9D31B94EBA10053D2E7 /* Debug */ = {
			isa = XCBuildConfiguration;
			buildSettings = {
				ALWAYS_SEARCH_USER_PATHS = NO;
				CLANG_CXX_LANGUAGE_STANDARD = "gnu++0x";
				CLANG_CXX_LIBRARY = "libc++";
				CLANG_ENABLE_MODULES = YES;
				CLANG_ENABLE_OBJC_ARC = YES;
				CLANG_WARN_BLOCK_CAPTURE_AUTORELEASING = YES;
				CLANG_WARN_BOOL_CONVERSION = YES;
				CLANG_WARN_COMMA = YES;
				CLANG_WARN_CONSTANT_CONVERSION = YES;
				CLANG_WARN_DIRECT_OBJC_ISA_USAGE = YES_ERROR;
				CLANG_WARN_EMPTY_BODY = YES;
				CLANG_WARN_ENUM_CONVERSION = YES;
				CLANG_WARN_INFINITE_RECURSION = YES;
				CLANG_WARN_INT_CONVERSION = YES;
				CLANG_WARN_NON_LITERAL_NULL_CONVERSION = YES;
				CLANG_WARN_OBJC_LITERAL_CONVERSION = YES;
				CLANG_WARN_OBJC_ROOT_CLASS = YES_ERROR;
				CLANG_WARN_RANGE_LOOP_ANALYSIS = YES;
				CLANG_WARN_STRICT_PROTOTYPES = YES;
				CLANG_WARN_SUSPICIOUS_MOVE = YES;
				CLANG_WARN_UNREACHABLE_CODE = YES;
				CLANG_WARN__DUPLICATE_METHOD_MATCH = YES;
				"CODE_SIGN_IDENTITY[sdk=iphoneos*]" = "iPhone Developer";
				COPY_PHASE_STRIP = NO;
				DEBUG_INFORMATION_FORMAT = "dwarf-with-dsym";
				ENABLE_STRICT_OBJC_MSGSEND = YES;
				ENABLE_TESTABILITY = YES;
				GCC_C_LANGUAGE_STANDARD = gnu99;
				GCC_DYNAMIC_NO_PIC = NO;
				GCC_NO_COMMON_BLOCKS = YES;
				GCC_OPTIMIZATION_LEVEL = 0;
				GCC_PREPROCESSOR_DEFINITIONS = (
					"DEBUG=1",
					"$(inherited)",
				);
				GCC_SYMBOLS_PRIVATE_EXTERN = NO;
				GCC_WARN_64_TO_32_BIT_CONVERSION = YES;
				GCC_WARN_ABOUT_RETURN_TYPE = YES_ERROR;
				GCC_WARN_UNDECLARED_SELECTOR = YES;
				GCC_WARN_UNINITIALIZED_AUTOS = YES_AGGRESSIVE;
				GCC_WARN_UNUSED_FUNCTION = YES;
				GCC_WARN_UNUSED_VARIABLE = YES;
				IPHONEOS_DEPLOYMENT_TARGET = 10.0;
				MTL_ENABLE_DEBUG_INFO = YES;
				ONLY_ACTIVE_ARCH = YES;
				SDKROOT = iphoneos;
				SWIFT_OPTIMIZATION_LEVEL = "-Onone";
			};
			name = Debug;
		};
		6321A9D41B94EBA10053D2E7 /* Release */ = {
			isa = XCBuildConfiguration;
			buildSettings = {
				ALWAYS_SEARCH_USER_PATHS = NO;
				CLANG_CXX_LANGUAGE_STANDARD = "gnu++0x";
				CLANG_CXX_LIBRARY = "libc++";
				CLANG_ENABLE_MODULES = YES;
				CLANG_ENABLE_OBJC_ARC = YES;
				CLANG_WARN_BLOCK_CAPTURE_AUTORELEASING = YES;
				CLANG_WARN_BOOL_CONVERSION = YES;
				CLANG_WARN_COMMA = YES;
				CLANG_WARN_CONSTANT_CONVERSION = YES;
				CLANG_WARN_DIRECT_OBJC_ISA_USAGE = YES_ERROR;
				CLANG_WARN_EMPTY_BODY = YES;
				CLANG_WARN_ENUM_CONVERSION = YES;
				CLANG_WARN_INFINITE_RECURSION = YES;
				CLANG_WARN_INT_CONVERSION = YES;
				CLANG_WARN_NON_LITERAL_NULL_CONVERSION = YES;
				CLANG_WARN_OBJC_LITERAL_CONVERSION = YES;
				CLANG_WARN_OBJC_ROOT_CLASS = YES_ERROR;
				CLANG_WARN_RANGE_LOOP_ANALYSIS = YES;
				CLANG_WARN_STRICT_PROTOTYPES = YES;
				CLANG_WARN_SUSPICIOUS_MOVE = YES;
				CLANG_WARN_UNREACHABLE_CODE = YES;
				CLANG_WARN__DUPLICATE_METHOD_MATCH = YES;
				"CODE_SIGN_IDENTITY[sdk=iphoneos*]" = "iPhone Developer";
				COPY_PHASE_STRIP = NO;
				DEBUG_INFORMATION_FORMAT = "dwarf-with-dsym";
				ENABLE_NS_ASSERTIONS = NO;
				ENABLE_STRICT_OBJC_MSGSEND = YES;
				GCC_C_LANGUAGE_STANDARD = gnu99;
				GCC_NO_COMMON_BLOCKS = YES;
				GCC_WARN_64_TO_32_BIT_CONVERSION = YES;
				GCC_WARN_ABOUT_RETURN_TYPE = YES_ERROR;
				GCC_WARN_UNDECLARED_SELECTOR = YES;
				GCC_WARN_UNINITIALIZED_AUTOS = YES_AGGRESSIVE;
				GCC_WARN_UNUSED_FUNCTION = YES;
				GCC_WARN_UNUSED_VARIABLE = YES;
				IPHONEOS_DEPLOYMENT_TARGET = 10.0;
				MTL_ENABLE_DEBUG_INFO = NO;
				SDKROOT = iphoneos;
				SWIFT_OPTIMIZATION_LEVEL = "-Owholemodule";
				VALIDATE_PRODUCT = YES;
			};
			name = Release;
		};
		6321A9D61B94EBA10053D2E7 /* Debug */ = {
			isa = XCBuildConfiguration;
			baseConfigurationReference = 8FCDD8A55C9174B3990CB51E /* Pods-Flash Chat.debug.xcconfig */;
			buildSettings = {
				ASSETCATALOG_COMPILER_APPICON_NAME = AppIcon;
				"CODE_SIGN_IDENTITY[sdk=iphoneos*]" = "iPhone Developer";
				DEVELOPMENT_TEAM = 7X7TY4V6Z4;
				FRAMEWORK_SEARCH_PATHS = (
					"$(inherited)",
					"$(PROJECT_DIR)",
				);
				INFOPLIST_FILE = "Flash Chat/Info.plist";
				IPHONEOS_DEPLOYMENT_TARGET = 11.0;
				LD_RUNPATH_SEARCH_PATHS = "$(inherited) @executable_path/Frameworks";
				PRODUCT_BUNDLE_IDENTIFIER = "me.billglover.Flash-Chat";
				PRODUCT_NAME = "$(TARGET_NAME)";
				SWIFT_OBJC_BRIDGING_HEADER = "";
				SWIFT_SWIFT3_OBJC_INFERENCE = Off;
				SWIFT_VERSION = 4.0;
			};
			name = Debug;
		};
		6321A9D71B94EBA10053D2E7 /* Release */ = {
			isa = XCBuildConfiguration;
			baseConfigurationReference = EC98F3320D0D861628413201 /* Pods-Flash Chat.release.xcconfig */;
			buildSettings = {
				ASSETCATALOG_COMPILER_APPICON_NAME = AppIcon;
				"CODE_SIGN_IDENTITY[sdk=iphoneos*]" = "iPhone Developer";
				DEVELOPMENT_TEAM = 7X7TY4V6Z4;
				FRAMEWORK_SEARCH_PATHS = (
					"$(inherited)",
					"$(PROJECT_DIR)",
				);
				INFOPLIST_FILE = "Flash Chat/Info.plist";
				IPHONEOS_DEPLOYMENT_TARGET = 11.0;
				LD_RUNPATH_SEARCH_PATHS = "$(inherited) @executable_path/Frameworks";
				PRODUCT_BUNDLE_IDENTIFIER = "me.billglover.Flash-Chat";
				PRODUCT_NAME = "$(TARGET_NAME)";
				SWIFT_OBJC_BRIDGING_HEADER = "";
				SWIFT_SWIFT3_OBJC_INFERENCE = Off;
				SWIFT_VERSION = 4.0;
			};
			name = Release;
		};
/* End XCBuildConfiguration section */

/* Begin XCConfigurationList section */
		6321A9B11B94EBA10053D2E7 /* Build configuration list for PBXProject "Flash Chat" */ = {
			isa = XCConfigurationList;
			buildConfigurations = (
				6321A9D31B94EBA10053D2E7 /* Debug */,
				6321A9D41B94EBA10053D2E7 /* Release */,
			);
			defaultConfigurationIsVisible = 0;
			defaultConfigurationName = Release;
		};
		6321A9D51B94EBA10053D2E7 /* Build configuration list for PBXNativeTarget "Flash Chat" */ = {
			isa = XCConfigurationList;
			buildConfigurations = (
				6321A9D61B94EBA10053D2E7 /* Debug */,
				6321A9D71B94EBA10053D2E7 /* Release */,
			);
			defaultConfigurationIsVisible = 0;
			defaultConfigurationName = Release;
		};
/* End XCConfigurationList section */
	};
	rootObject = 6321A9AE1B94EBA10053D2E7 /* Project object */;
}
